
Microsoft Visual Studio Solution File, Format Version 12.00
# Visual Studio Version 17
VisualStudioVersion = 17.0.31903.59
MinimumVisualStudioVersion = 10.0.40219.1
Project("{9A19103F-16F7-4668-BE54-9A1E7A4F7556}") = "API", "API\API.csproj", "{180C998C-4E45-4BA0-8617-2D960D47D814}"
EndProject
Global
	GlobalSection(SolutionConfigurationPlatforms) = preSolution
		Debug|Any CPU = Debug|Any CPU
		Release|Any CPU = Release|Any CPU
	EndGlobalSection
	GlobalSection(ProjectConfigurationPlatforms) = postSolution
		{180C998C-4E45-4BA0-8617-2D960D47D814}.Debug|Any CPU.ActiveCfg = Debug|Any CPU
		{180C998C-4E45-4BA0-8617-2D960D47D814}.Debug|Any CPU.Build.0 = Debug|Any CPU
		{180C998C-4E45-4BA0-8617-2D960D47D814}.Release|Any CPU.ActiveCfg = Release|Any CPU
		{180C998C-4E45-4BA0-8617-2D960D47D814}.Release|Any CPU.Build.0 = Release|Any CPU
	EndGlobalSection
	GlobalSection(SolutionProperties) = preSolution
		HideSolutionNode = FALSE
	EndGlobalSection
	GlobalSection(ExtensibilityGlobals) = postSolution
		SolutionGuid = {1512C1C2-F290-4F9E-9A88-6F0ACE5C04C0}
	EndGlobalSection
EndGlobal
